
Microsoft Visual Studio Solution File, Format Version 12.00
# Visual Studio Version 17
VisualStudioVersion = 17.9.34714.143
MinimumVisualStudioVersion = 10.0.40219.1
Project("{FAE04EC0-301F-11D3-BF4B-00C04F79EFBC}") = "BarayKar", "BarayKar\BarayKar.csproj", "{D517AD24-636F-4A08-9A45-F3DF27191E8E}"
EndProject
Project("{FAE04EC0-301F-11D3-BF4B-00C04F79EFBC}") = "Application", "Application\Application.csproj", "{249942B7-BD38-40B1-AC2E-E66150BDBDD8}"
EndProject
Project("{FAE04EC0-301F-11D3-BF4B-00C04F79EFBC}") = "Domain", "Domain\Domain.csproj", "{E94AB6A1-B488-47DF-BA62-BC52442DF0BD}"
EndProject
Project("{FAE04EC0-301F-11D3-BF4B-00C04F79EFBC}") = "Infrastructure", "Infrastructure\Infrastructure.csproj", "{398191EF-6B45-4546-BC2F-2A436B8EF042}"
EndProject
Global
	GlobalSection(SolutionConfigurationPlatforms) = preSolution
		Debug|Any CPU = Debug|Any CPU
		Release|Any CPU = Release|Any CPU
	EndGlobalSection
	GlobalSection(ProjectConfigurationPlatforms) = postSolution
		{D517AD24-636F-4A08-9A45-F3DF27191E8E}.Debug|Any CPU.ActiveCfg = Debug|Any CPU
		{D517AD24-636F-4A08-9A45-F3DF27191E8E}.Debug|Any CPU.Build.0 = Debug|Any CPU
		{D517AD24-636F-4A08-9A45-F3DF27191E8E}.Release|Any CPU.ActiveCfg = Release|Any CPU
		{D517AD24-636F-4A08-9A45-F3DF27191E8E}.Release|Any CPU.Build.0 = Release|Any CPU
		{249942B7-BD38-40B1-AC2E-E66150BDBDD8}.Debug|Any CPU.ActiveCfg = Debug|Any CPU
		{249942B7-BD38-40B1-AC2E-E66150BDBDD8}.Debug|Any CPU.Build.0 = Debug|Any CPU
		{249942B7-BD38-40B1-AC2E-E66150BDBDD8}.Release|Any CPU.ActiveCfg = Release|Any CPU
		{249942B7-BD38-40B1-AC2E-E66150BDBDD8}.Release|Any CPU.Build.0 = Release|Any CPU
		{E94AB6A1-B488-47DF-BA62-BC52442DF0BD}.Debug|Any CPU.ActiveCfg = Debug|Any CPU
		{E94AB6A1-B488-47DF-BA62-BC52442DF0BD}.Debug|Any CPU.Build.0 = Debug|Any CPU
		{E94AB6A1-B488-47DF-BA62-BC52442DF0BD}.Release|Any CPU.ActiveCfg = Release|Any CPU
		{E94AB6A1-B488-47DF-BA62-BC52442DF0BD}.Release|Any CPU.Build.0 = Release|Any CPU
		{398191EF-6B45-4546-BC2F-2A436B8EF042}.Debug|Any CPU.ActiveCfg = Debug|Any CPU
		{398191EF-6B45-4546-BC2F-2A436B8EF042}.Debug|Any CPU.Build.0 = Debug|Any CPU
		{398191EF-6B45-4546-BC2F-2A436B8EF042}.Release|Any CPU.ActiveCfg = Release|Any CPU
		{398191EF-6B45-4546-BC2F-2A436B8EF042}.Release|Any CPU.Build.0 = Release|Any CPU
	EndGlobalSection
	GlobalSection(SolutionProperties) = preSolution
		HideSolutionNode = FALSE
	EndGlobalSection
	GlobalSection(ExtensibilityGlobals) = postSolution
		SolutionGuid = {A28B63D3-0333-49EB-AFAE-83B60A256050}
	EndGlobalSection
EndGlobal
